
Microsoft Visual Studio Solution File, Format Version 12.00
# Visual Studio Version 16
VisualStudioVersion = 16.0.31624.102
MinimumVisualStudioVersion = 10.0.40219.1
Project("{9A19103F-16F7-4668-BE54-9A1E7A4F7556}") = "Antra.Hotel.ConsoleApp", "Antra.Hotel.HManagementSystem\Antra.Hotel.ConsoleApp.csproj", "{25696006-CEA3-45D9-8D25-B31EF6330CDB}"
EndProject
Project("{FAE04EC0-301F-11D3-BF4B-00C04F79EFBC}") = "Antra.Hotel.Data.Models", "Antra.Hotel.Data.Models\Antra.Hotel.Data.Models.csproj", "{2D18B749-F9DB-43AA-91C5-0475B9BE91C8}"
EndProject
Project("{FAE04EC0-301F-11D3-BF4B-00C04F79EFBC}") = "Antra.Hotel.Data.Repository", "Antra.Hotel.Repository\Antra.Hotel.Data.Repository.csproj", "{D981F3C4-BF95-4120-B286-E0E68F625988}"
EndProject
Global
	GlobalSection(SolutionConfigurationPlatforms) = preSolution
		Debug|Any CPU = Debug|Any CPU
		Release|Any CPU = Release|Any CPU
	EndGlobalSection
	GlobalSection(ProjectConfigurationPlatforms) = postSolution
		{25696006-CEA3-45D9-8D25-B31EF6330CDB}.Debug|Any CPU.ActiveCfg = Debug|Any CPU
		{25696006-CEA3-45D9-8D25-B31EF6330CDB}.Debug|Any CPU.Build.0 = Debug|Any CPU
		{25696006-CEA3-45D9-8D25-B31EF6330CDB}.Release|Any CPU.ActiveCfg = Release|Any CPU
		{25696006-CEA3-45D9-8D25-B31EF6330CDB}.Release|Any CPU.Build.0 = Release|Any CPU
		{2D18B749-F9DB-43AA-91C5-0475B9BE91C8}.Debug|Any CPU.ActiveCfg = Debug|Any CPU
		{2D18B749-F9DB-43AA-91C5-0475B9BE91C8}.Debug|Any CPU.Build.0 = Debug|Any CPU
		{2D18B749-F9DB-43AA-91C5-0475B9BE91C8}.Release|Any CPU.ActiveCfg = Release|Any CPU
		{2D18B749-F9DB-43AA-91C5-0475B9BE91C8}.Release|Any CPU.Build.0 = Release|Any CPU
		{D981F3C4-BF95-4120-B286-E0E68F625988}.Debug|Any CPU.ActiveCfg = Debug|Any CPU
		{D981F3C4-BF95-4120-B286-E0E68F625988}.Debug|Any CPU.Build.0 = Debug|Any CPU
		{D981F3C4-BF95-4120-B286-E0E68F625988}.Release|Any CPU.ActiveCfg = Release|Any CPU
		{D981F3C4-BF95-4120-B286-E0E68F625988}.Release|Any CPU.Build.0 = Release|Any CPU
	EndGlobalSection
	GlobalSection(SolutionProperties) = preSolution
		HideSolutionNode = FALSE
	EndGlobalSection
	GlobalSection(ExtensibilityGlobals) = postSolution
		SolutionGuid = {172A5792-EC2E-46C0-95A9-DF5D19ECA856}
	EndGlobalSection
EndGlobal
