
Microsoft Visual Studio Solution File, Format Version 12.00
# Visual Studio Version 16
VisualStudioVersion = 16.0.31624.102
MinimumVisualStudioVersion = 10.0.40219.1
Project("{FAE04EC0-301F-11D3-BF4B-00C04F79EFBC}") = "SEP22_CS_HW2", "SEP22_CS_HW2\SEP22_CS_HW2.csproj", "{4B641E8F-9681-46D0-AF9E-CABF5E994A89}"
EndProject
Global
	GlobalSection(SolutionConfigurationPlatforms) = preSolution
		Debug|Any CPU = Debug|Any CPU
		Release|Any CPU = Release|Any CPU
	EndGlobalSection
	GlobalSection(ProjectConfigurationPlatforms) = postSolution
		{4B641E8F-9681-46D0-AF9E-CABF5E994A89}.Debug|Any CPU.ActiveCfg = Debug|Any CPU
		{4B641E8F-9681-46D0-AF9E-CABF5E994A89}.Debug|Any CPU.Build.0 = Debug|Any CPU
		{4B641E8F-9681-46D0-AF9E-CABF5E994A89}.Release|Any CPU.ActiveCfg = Release|Any CPU
		{4B641E8F-9681-46D0-AF9E-CABF5E994A89}.Release|Any CPU.Build.0 = Release|Any CPU
	EndGlobalSection
	GlobalSection(SolutionProperties) = preSolution
		HideSolutionNode = FALSE
	EndGlobalSection
	GlobalSection(ExtensibilityGlobals) = postSolution
		SolutionGuid = {202C0C9A-CD79-47FE-B15D-7862B8DD6459}
	EndGlobalSection
EndGlobal
